
Microsoft Visual Studio Solution File, Format Version 12.00
Project("{F2A71F9B-5D33-465A-A702-920D77279786}") = "Fibonacci", "Fibonacci\Fibonacci.fsproj", "{E99039B1-FCD7-4935-AC20-A6DB549C6EA2}"
EndProject
Project("{F2A71F9B-5D33-465A-A702-920D77279786}") = "FibonacciTests", "FibonacciTests\FibonacciTests.fsproj", "{E7A32AE3-C5B4-4960-8B93-BAB977E3A992}"
EndProject
Global
	GlobalSection(SolutionConfigurationPlatforms) = preSolution
		Debug|Any CPU = Debug|Any CPU
		Release|Any CPU = Release|Any CPU
	EndGlobalSection
	GlobalSection(ProjectConfigurationPlatforms) = postSolution
		{E99039B1-FCD7-4935-AC20-A6DB549C6EA2}.Debug|Any CPU.ActiveCfg = Debug|Any CPU
		{E99039B1-FCD7-4935-AC20-A6DB549C6EA2}.Debug|Any CPU.Build.0 = Debug|Any CPU
		{E99039B1-FCD7-4935-AC20-A6DB549C6EA2}.Release|Any CPU.ActiveCfg = Release|Any CPU
		{E99039B1-FCD7-4935-AC20-A6DB549C6EA2}.Release|Any CPU.Build.0 = Release|Any CPU
		{E7A32AE3-C5B4-4960-8B93-BAB977E3A992}.Debug|Any CPU.ActiveCfg = Debug|Any CPU
		{E7A32AE3-C5B4-4960-8B93-BAB977E3A992}.Debug|Any CPU.Build.0 = Debug|Any CPU
		{E7A32AE3-C5B4-4960-8B93-BAB977E3A992}.Release|Any CPU.ActiveCfg = Release|Any CPU
		{E7A32AE3-C5B4-4960-8B93-BAB977E3A992}.Release|Any CPU.Build.0 = Release|Any CPU
	EndGlobalSection
EndGlobal
