
Microsoft Visual Studio Solution File, Format Version 12.00
Project("{F2A71F9B-5D33-465A-A702-920D77279786}") = "ControlWork", "ControlWork\ControlWork.fsproj", "{4068BADA-25D7-4175-AD85-74F91EB6A1B8}"
EndProject
Project("{F2A71F9B-5D33-465A-A702-920D77279786}") = "PriorityQueueTests", "PriorityQueueTests\PriorityQueueTests.fsproj", "{634E08E0-5FAB-4832-A71A-CFD0B566A87B}"
EndProject
Global
	GlobalSection(SolutionConfigurationPlatforms) = preSolution
		Debug|Any CPU = Debug|Any CPU
		Release|Any CPU = Release|Any CPU
	EndGlobalSection
	GlobalSection(ProjectConfigurationPlatforms) = postSolution
		{4068BADA-25D7-4175-AD85-74F91EB6A1B8}.Debug|Any CPU.ActiveCfg = Debug|Any CPU
		{4068BADA-25D7-4175-AD85-74F91EB6A1B8}.Debug|Any CPU.Build.0 = Debug|Any CPU
		{4068BADA-25D7-4175-AD85-74F91EB6A1B8}.Release|Any CPU.ActiveCfg = Release|Any CPU
		{4068BADA-25D7-4175-AD85-74F91EB6A1B8}.Release|Any CPU.Build.0 = Release|Any CPU
		{634E08E0-5FAB-4832-A71A-CFD0B566A87B}.Debug|Any CPU.ActiveCfg = Debug|Any CPU
		{634E08E0-5FAB-4832-A71A-CFD0B566A87B}.Debug|Any CPU.Build.0 = Debug|Any CPU
		{634E08E0-5FAB-4832-A71A-CFD0B566A87B}.Release|Any CPU.ActiveCfg = Release|Any CPU
		{634E08E0-5FAB-4832-A71A-CFD0B566A87B}.Release|Any CPU.Build.0 = Release|Any CPU
	EndGlobalSection
EndGlobal
