
Microsoft Visual Studio Solution File, Format Version 12.00
Project("{F2A71F9B-5D33-465A-A702-920D77279786}") = "PowerSeries", "PowerSeries\PowerSeries.fsproj", "{8A528B67-7F91-422B-AF99-5185270E150C}"
EndProject
Project("{F2A71F9B-5D33-465A-A702-920D77279786}") = "PowerSeriesTests", "PowerSeriesTests\PowerSeriesTests.fsproj", "{0230D590-0F62-46D3-B13C-48937A79BFEC}"
EndProject
Global
	GlobalSection(SolutionConfigurationPlatforms) = preSolution
		Debug|Any CPU = Debug|Any CPU
		Release|Any CPU = Release|Any CPU
	EndGlobalSection
	GlobalSection(ProjectConfigurationPlatforms) = postSolution
		{8A528B67-7F91-422B-AF99-5185270E150C}.Debug|Any CPU.ActiveCfg = Debug|Any CPU
		{8A528B67-7F91-422B-AF99-5185270E150C}.Debug|Any CPU.Build.0 = Debug|Any CPU
		{8A528B67-7F91-422B-AF99-5185270E150C}.Release|Any CPU.ActiveCfg = Release|Any CPU
		{8A528B67-7F91-422B-AF99-5185270E150C}.Release|Any CPU.Build.0 = Release|Any CPU
		{0230D590-0F62-46D3-B13C-48937A79BFEC}.Debug|Any CPU.ActiveCfg = Debug|Any CPU
		{0230D590-0F62-46D3-B13C-48937A79BFEC}.Debug|Any CPU.Build.0 = Debug|Any CPU
		{0230D590-0F62-46D3-B13C-48937A79BFEC}.Release|Any CPU.ActiveCfg = Release|Any CPU
		{0230D590-0F62-46D3-B13C-48937A79BFEC}.Release|Any CPU.Build.0 = Release|Any CPU
	EndGlobalSection
EndGlobal
